
Microsoft Visual Studio Solution File, Format Version 12.00
# Visual Studio Version 16
VisualStudioVersion = 16.0.30804.86
MinimumVisualStudioVersion = 10.0.40219.1
Project("{8BC9CEB8-8B4A-11D0-8D11-00A0C91BC942}") = "Sortowania", "Sortowania.vcxproj", "{D2C903B9-1FC2-4FFC-B83B-8A5BA3B23578}"
EndProject
Global
	GlobalSection(SolutionConfigurationPlatforms) = preSolution
		Debug|x64 = Debug|x64
		Debug|x86 = Debug|x86
		Release|x64 = Release|x64
		Release|x86 = Release|x86
	EndGlobalSection
	GlobalSection(ProjectConfigurationPlatforms) = postSolution
		{D2C903B9-1FC2-4FFC-B83B-8A5BA3B23578}.Debug|x64.ActiveCfg = Debug|x64
		{D2C903B9-1FC2-4FFC-B83B-8A5BA3B23578}.Debug|x64.Build.0 = Debug|x64
		{D2C903B9-1FC2-4FFC-B83B-8A5BA3B23578}.Debug|x86.ActiveCfg = Debug|Win32
		{D2C903B9-1FC2-4FFC-B83B-8A5BA3B23578}.Debug|x86.Build.0 = Debug|Win32
		{D2C903B9-1FC2-4FFC-B83B-8A5BA3B23578}.Release|x64.ActiveCfg = Release|x64
		{D2C903B9-1FC2-4FFC-B83B-8A5BA3B23578}.Release|x64.Build.0 = Release|x64
		{D2C903B9-1FC2-4FFC-B83B-8A5BA3B23578}.Release|x86.ActiveCfg = Release|Win32
		{D2C903B9-1FC2-4FFC-B83B-8A5BA3B23578}.Release|x86.Build.0 = Release|Win32
	EndGlobalSection
	GlobalSection(SolutionProperties) = preSolution
		HideSolutionNode = FALSE
	EndGlobalSection
	GlobalSection(ExtensibilityGlobals) = postSolution
		SolutionGuid = {EEA88C53-9C41-4802-8EE0-A5D34CC23720}
	EndGlobalSection
EndGlobal
